
Microsoft Visual Studio Solution File, Format Version 12.00
# Visual Studio 15
VisualStudioVersion = 15.0.28307.1000
MinimumVisualStudioVersion = 10.0.40219.1
Project("{FAE04EC0-301F-11D3-BF4B-00C04F79EFBC}") = "Polymorphism", "Polymorphism\Polymorphism.csproj", "{BD7A42F5-8644-4088-8E2B-461BC783EF28}"
EndProject
Global
	GlobalSection(SolutionConfigurationPlatforms) = preSolution
		Debug|Any CPU = Debug|Any CPU
		Release|Any CPU = Release|Any CPU
	EndGlobalSection
	GlobalSection(ProjectConfigurationPlatforms) = postSolution
		{BD7A42F5-8644-4088-8E2B-461BC783EF28}.Debug|Any CPU.ActiveCfg = Debug|Any CPU
		{BD7A42F5-8644-4088-8E2B-461BC783EF28}.Debug|Any CPU.Build.0 = Debug|Any CPU
		{BD7A42F5-8644-4088-8E2B-461BC783EF28}.Release|Any CPU.ActiveCfg = Release|Any CPU
		{BD7A42F5-8644-4088-8E2B-461BC783EF28}.Release|Any CPU.Build.0 = Release|Any CPU
	EndGlobalSection
	GlobalSection(SolutionProperties) = preSolution
		HideSolutionNode = FALSE
	EndGlobalSection
	GlobalSection(ExtensibilityGlobals) = postSolution
		SolutionGuid = {6CAB3DE8-B403-4378-90A0-B79C95F5F164}
	EndGlobalSection
EndGlobal
